
Microsoft Visual Studio Solution File, Format Version 12.00
# Visual Studio Version 17
VisualStudioVersion = 17.7.34018.315
MinimumVisualStudioVersion = 10.0.40219.1
Project("{FAE04EC0-301F-11D3-BF4B-00C04F79EFBC}") = "KnowledgeCheck2", "KnowledgeCheck2.csproj", "{394A7FC0-3CE0-42A4-9EB4-9FB58765BC32}"
EndProject
Global
	GlobalSection(SolutionConfigurationPlatforms) = preSolution
		Debug|Any CPU = Debug|Any CPU
		Release|Any CPU = Release|Any CPU
	EndGlobalSection
	GlobalSection(ProjectConfigurationPlatforms) = postSolution
		{394A7FC0-3CE0-42A4-9EB4-9FB58765BC32}.Debug|Any CPU.ActiveCfg = Debug|Any CPU
		{394A7FC0-3CE0-42A4-9EB4-9FB58765BC32}.Debug|Any CPU.Build.0 = Debug|Any CPU
		{394A7FC0-3CE0-42A4-9EB4-9FB58765BC32}.Release|Any CPU.ActiveCfg = Release|Any CPU
		{394A7FC0-3CE0-42A4-9EB4-9FB58765BC32}.Release|Any CPU.Build.0 = Release|Any CPU
	EndGlobalSection
	GlobalSection(SolutionProperties) = preSolution
		HideSolutionNode = FALSE
	EndGlobalSection
	GlobalSection(ExtensibilityGlobals) = postSolution
		SolutionGuid = {78652864-C1B1-4078-9503-5F1A42A84E2E}
	EndGlobalSection
EndGlobal
